// !$*UTF8*$!
{
	archiveVersion = 1;
	classes = {
	};
	objectVersion = 46;
	objects = {

/* Begin PBXBuildFile section */
		D84C18FF1A87FE44008816D4 /* main.m in Sources */ = {isa = PBXBuildFile; fileRef = D84C18FE1A87FE44008816D4 /* main.m */; };
		D84C19021A87FE44008816D4 /* AppDelegate.m in Sources */ = {isa = PBXBuildFile; fileRef = D84C19011A87FE44008816D4 /* AppDelegate.m */; };
		D84C19051A87FE44008816D4 /* MasterViewController.m in Sources */ = {isa = PBXBuildFile; fileRef = D84C19041A87FE44008816D4 /* MasterViewController.m */; };
		D84C19081A87FE44008816D4 /* DetailViewController.m in Sources */ = {isa = PBXBuildFile; fileRef = D84C19071A87FE44008816D4 /* DetailViewController.m */; };
		D84C190B1A87FE44008816D4 /* Main.storyboard in Resources */ = {isa = PBXBuildFile; fileRef = D84C19091A87FE44008816D4 /* Main.storyboard */; };
		D84C190D1A87FE44008816D4 /* Images.xcassets in Resources */ = {isa = PBXBuildFile; fileRef = D84C190C1A87FE44008816D4 /* Images.xcassets */; };
		D84C19101A87FE44008816D4 /* LaunchScreen.xib in Resources */ = {isa = PBXBuildFile; fileRef = D84C190E1A87FE44008816D4 /* LaunchScreen.xib */; };
		D84C191C1A87FE44008816D4 /* TwobuntuTests.m in Sources */ = {isa = PBXBuildFile; fileRef = D84C191B1A87FE44008816D4 /* TwobuntuTests.m */; };
/* End PBXBuildFile section */

/* Begin PBXContainerItemProxy section */
		D84C19161A87FE44008816D4 /* PBXContainerItemProxy */ = {
			isa = PBXContainerItemProxy;
			containerPortal = D84C18F11A87FE44008816D4 /* Project object */;
			proxyType = 1;
			remoteGlobalIDString = D84C18F81A87FE44008816D4;
			remoteInfo = Twobuntu;
		};
/* End PBXContainerItemProxy section */

/* Begin PBXFileReference section */
		D84C18F91A87FE44008816D4 /* Twobuntu.app */ = {isa = PBXFileReference; explicitFileType = wrapper.application; includeInIndex = 0; path = Twobuntu.app; sourceTree = BUILT_PRODUCTS_DIR; };
		D84C18FD1A87FE44008816D4 /* Info.plist */ = {isa = PBXFileReference; lastKnownFileType = text.plist.xml; path = Info.plist; sourceTree = "<group>"; };
		D84C18FE1A87FE44008816D4 /* main.m */ = {isa = PBXFileReference; lastKnownFileType = sourcecode.c.objc; path = main.m; sourceTree = "<group>"; };
		D84C19001A87FE44008816D4 /* AppDelegate.h */ = {isa = PBXFileReference; lastKnownFileType = sourcecode.c.h; path = AppDelegate.h; sourceTree = "<group>"; };
		D84C19011A87FE44008816D4 /* AppDelegate.m */ = {isa = PBXFileReference; lastKnownFileType = sourcecode.c.objc; path = AppDelegate.m; sourceTree = "<group>"; };
		D84C19031A87FE44008816D4 /* MasterViewController.h */ = {isa = PBXFileReference; lastKnownFileType = sourcecode.c.h; path = MasterViewController.h; sourceTree = "<group>"; };
		D84C19041A87FE44008816D4 /* MasterViewController.m */ = {isa = PBXFileReference; lastKnownFileType = sourcecode.c.objc; path = MasterViewController.m; sourceTree = "<group>"; };
		D84C19061A87FE44008816D4 /* DetailViewController.h */ = {isa = PBXFileReference; lastKnownFileType = sourcecode.c.h; path = DetailViewController.h; sourceTree = "<group>"; };
		D84C19071A87FE44008816D4 /* DetailViewController.m */ = {isa = PBXFileReference; lastKnownFileType = sourcecode.c.objc; path = DetailViewController.m; sourceTree = "<group>"; };
		D84C190A1A87FE44008816D4 /* Base */ = {isa = PBXFileReference; lastKnownFileType = file.storyboard; name = Base; path = Base.lproj/Main.storyboard; sourceTree = "<group>"; };
		D84C190C1A87FE44008816D4 /* Images.xcassets */ = {isa = PBXFileReference; lastKnownFileType = folder.assetcatalog; path = Images.xcassets; sourceTree = "<group>"; };
		D84C190F1A87FE44008816D4 /* Base */ = {isa = PBXFileReference; lastKnownFileType = file.xib; name = Base; path = Base.lproj/LaunchScreen.xib; sourceTree = "<group>"; };
		D84C19151A87FE44008816D4 /* TwobuntuTests.xctest */ = {isa = PBXFileReference; explicitFileType = wrapper.cfbundle; includeInIndex = 0; path = TwobuntuTests.xctest; sourceTree = BUILT_PRODUCTS_DIR; };
		D84C191A1A87FE44008816D4 /* Info.plist */ = {isa = PBXFileReference; lastKnownFileType = text.plist.xml; path = Info.plist; sourceTree = "<group>"; };
		D84C191B1A87FE44008816D4 /* TwobuntuTests.m */ = {isa = PBXFileReference; lastKnownFileType = sourcecode.c.objc; path = TwobuntuTests.m; sourceTree = "<group>"; };
/* End PBXFileReference section */

/* Begin PBXFrameworksBuildPhase section */
		D84C18F61A87FE44008816D4 /* Frameworks */ = {
			isa = PBXFrameworksBuildPhase;
			buildActionMask = 2147483647;
			files = (
			);
			runOnlyForDeploymentPostprocessing = 0;
		};
		D84C19121A87FE44008816D4 /* Frameworks */ = {
			isa = PBXFrameworksBuildPhase;
			buildActionMask = 2147483647;
			files = (
			);
			runOnlyForDeploymentPostprocessing = 0;
		};
/* End PBXFrameworksBuildPhase section */

/* Begin PBXGroup section */
		D84C18F01A87FE43008816D4 = {
			isa = PBXGroup;
			children = (
				D84C18FB1A87FE44008816D4 /* Twobuntu */,
				D84C19181A87FE44008816D4 /* TwobuntuTests */,
				D84C18FA1A87FE44008816D4 /* Products */,
			);
			sourceTree = "<group>";
		};
		D84C18FA1A87FE44008816D4 /* Products */ = {
			isa = PBXGroup;
			children = (
				D84C18F91A87FE44008816D4 /* Twobuntu.app */,
				D84C19151A87FE44008816D4 /* TwobuntuTests.xctest */,
			);
			name = Products;
			sourceTree = "<group>";
		};
		D84C18FB1A87FE44008816D4 /* Twobuntu */ = {
			isa = PBXGroup;
			children = (
				D84C19001A87FE44008816D4 /* AppDelegate.h */,
				D84C19011A87FE44008816D4 /* AppDelegate.m */,
				D84C19031A87FE44008816D4 /* MasterViewController.h */,
				D84C19041A87FE44008816D4 /* MasterViewController.m */,
				D84C19061A87FE44008816D4 /* DetailViewController.h */,
				D84C19071A87FE44008816D4 /* DetailViewController.m */,
				D84C19091A87FE44008816D4 /* Main.storyboard */,
				D84C190C1A87FE44008816D4 /* Images.xcassets */,
				D84C190E1A87FE44008816D4 /* LaunchScreen.xib */,
				D84C18FC1A87FE44008816D4 /* Supporting Files */,
			);
			path = Twobuntu;
			sourceTree = "<group>";
		};
		D84C18FC1A87FE44008816D4 /* Supporting Files */ = {
			isa = PBXGroup;
			children = (
				D84C18FD1A87FE44008816D4 /* Info.plist */,
				D84C18FE1A87FE44008816D4 /* main.m */,
			);
			name = "Supporting Files";
			sourceTree = "<group>";
		};
		D84C19181A87FE44008816D4 /* TwobuntuTests */ = {
			isa = PBXGroup;
			children = (
				D84C191B1A87FE44008816D4 /* TwobuntuTests.m */,
				D84C19191A87FE44008816D4 /* Supporting Files */,
			);
			path = TwobuntuTests;
			sourceTree = "<group>";
		};
		D84C19191A87FE44008816D4 /* Supporting Files */ = {
			isa = PBXGroup;
			children = (
				D84C191A1A87FE44008816D4 /* Info.plist */,
			);
			name = "Supporting Files";
			sourceTree = "<group>";
		};
/* End PBXGroup section */

/* Begin PBXNativeTarget section */
		D84C18F81A87FE44008816D4 /* Twobuntu */ = {
			isa = PBXNativeTarget;
			buildConfigurationList = D84C191F1A87FE44008816D4 /* Build configuration list for PBXNativeTarget "Twobuntu" */;
			buildPhases = (
				D84C18F51A87FE44008816D4 /* Sources */,
				D84C18F61A87FE44008816D4 /* Frameworks */,
				D84C18F71A87FE44008816D4 /* Resources */,
			);
			buildRules = (
			);
			dependencies = (
			);
			name = Twobuntu;
			productName = Twobuntu;
			productReference = D84C18F91A87FE44008816D4 /* Twobuntu.app */;
			productType = "com.apple.product-type.application";
		};
		D84C19141A87FE44008816D4 /* TwobuntuTests */ = {
			isa = PBXNativeTarget;
			buildConfigurationList = D84C19221A87FE44008816D4 /* Build configuration list for PBXNativeTarget "TwobuntuTests" */;
			buildPhases = (
				D84C19111A87FE44008816D4 /* Sources */,
				D84C19121A87FE44008816D4 /* Frameworks */,
				D84C19131A87FE44008816D4 /* Resources */,
			);
			buildRules = (
			);
			dependencies = (
				D84C19171A87FE44008816D4 /* PBXTargetDependency */,
			);
			name = TwobuntuTests;
			productName = TwobuntuTests;
			productReference = D84C19151A87FE44008816D4 /* TwobuntuTests.xctest */;
			productType = "com.apple.product-type.bundle.unit-test";
		};
/* End PBXNativeTarget section */

/* Begin PBXProject section */
		D84C18F11A87FE44008816D4 /* Project object */ = {
			isa = PBXProject;
			attributes = {
				LastUpgradeCheck = 0610;
				ORGANIZATIONNAME = 2buntu;
				TargetAttributes = {
					D84C18F81A87FE44008816D4 = {
						CreatedOnToolsVersion = 6.1.1;
					};
					D84C19141A87FE44008816D4 = {
						CreatedOnToolsVersion = 6.1.1;
						TestTargetID = D84C18F81A87FE44008816D4;
					};
				};
			};
			buildConfigurationList = D84C18F41A87FE44008816D4 /* Build configuration list for PBXProject "Twobuntu" */;
			compatibilityVersion = "Xcode 3.2";
			developmentRegion = English;
			hasScannedForEncodings = 0;
			knownRegions = (
				en,
				Base,
			);
			mainGroup = D84C18F01A87FE43008816D4;
			productRefGroup = D84C18FA1A87FE44008816D4 /* Products */;
			projectDirPath = "";
			projectRoot = "";
			targets = (
				D84C18F81A87FE44008816D4 /* Twobuntu */,
				D84C19141A87FE44008816D4 /* TwobuntuTests */,
			);
		};
/* End PBXProject section */

/* Begin PBXResourcesBuildPhase section */
		D84C18F71A87FE44008816D4 /* Resources */ = {
			isa = PBXResourcesBuildPhase;
			buildActionMask = 2147483647;
			files = (
				D84C190B1A87FE44008816D4 /* Main.storyboard in Resources */,
				D84C19101A87FE44008816D4 /* LaunchScreen.xib in Resources */,
				D84C190D1A87FE44008816D4 /* Images.xcassets in Resources */,
			);
			runOnlyForDeploymentPostprocessing = 0;
		};
		D84C19131A87FE44008816D4 /* Resources */ = {
			isa = PBXResourcesBuildPhase;
			buildActionMask = 2147483647;
			files = (
			);
			runOnlyForDeploymentPostprocessing = 0;
		};
/* End PBXResourcesBuildPhase section */

/* Begin PBXSourcesBuildPhase section */
		D84C18F51A87FE44008816D4 /* Sources */ = {
			isa = PBXSourcesBuildPhase;
			buildActionMask = 2147483647;
			files = (
				D84C19021A87FE44008816D4 /* AppDelegate.m in Sources */,
				D84C19051A87FE44008816D4 /* MasterViewController.m in Sources */,
				D84C18FF1A87FE44008816D4 /* main.m in Sources */,
				D84C19081A87FE44008816D4 /* DetailViewController.m in Sources */,
			);
			runOnlyForDeploymentPostprocessing = 0;
		};
		D84C19111A87FE44008816D4 /* Sources */ = {
			isa = PBXSourcesBuildPhase;
			buildActionMask = 2147483647;
			files = (
				D84C191C1A87FE44008816D4 /* TwobuntuTests.m in Sources */,
			);
			runOnlyForDeploymentPostprocessing = 0;
		};
/* End PBXSourcesBuildPhase section */

/* Begin PBXTargetDependency section */
		D84C19171A87FE44008816D4 /* PBXTargetDependency */ = {
			isa = PBXTargetDependency;
			target = D84C18F81A87FE44008816D4 /* Twobuntu */;
			targetProxy = D84C19161A87FE44008816D4 /* PBXContainerItemProxy */;
		};
/* End PBXTargetDependency section */

/* Begin PBXVariantGroup section */
		D84C19091A87FE44008816D4 /* Main.storyboard */ = {
			isa = PBXVariantGroup;
			children = (
				D84C190A1A87FE44008816D4 /* Base */,
			);
			name = Main.storyboard;
			sourceTree = "<group>";
		};
		D84C190E1A87FE44008816D4 /* LaunchScreen.xib */ = {
			isa = PBXVariantGroup;
			children = (
				D84C190F1A87FE44008816D4 /* Base */,
			);
			name = LaunchScreen.xib;
			sourceTree = "<group>";
		};
/* End PBXVariantGroup section */

/* Begin XCBuildConfiguration section */
		D84C191D1A87FE44008816D4 /* Debug */ = {
			isa = XCBuildConfiguration;
			buildSettings = {
				ALWAYS_SEARCH_USER_PATHS = NO;
				CLANG_CXX_LANGUAGE_STANDARD = "gnu++0x";
				CLANG_CXX_LIBRARY = "libc++";
				CLANG_ENABLE_MODULES = YES;
				CLANG_ENABLE_OBJC_ARC = YES;
				CLANG_WARN_BOOL_CONVERSION = YES;
				CLANG_WARN_CONSTANT_CONVERSION = YES;
				CLANG_WARN_DIRECT_OBJC_ISA_USAGE = YES_ERROR;
				CLANG_WARN_EMPTY_BODY = YES;
				CLANG_WARN_ENUM_CONVERSION = YES;
				CLANG_WARN_INT_CONVERSION = YES;
				CLANG_WARN_OBJC_ROOT_CLASS = YES_ERROR;
				CLANG_WARN_UNREACHABLE_CODE = YES;
				CLANG_WARN__DUPLICATE_METHOD_MATCH = YES;
				"CODE_SIGN_IDENTITY[sdk=iphoneos*]" = "iPhone Developer";
				COPY_PHASE_STRIP = NO;
				ENABLE_STRICT_OBJC_MSGSEND = YES;
				GCC_C_LANGUAGE_STANDARD = gnu99;
				GCC_DYNAMIC_NO_PIC = NO;
				GCC_OPTIMIZATION_LEVEL = 0;
				GCC_PREPROCESSOR_DEFINITIONS = (
					"DEBUG=1",
					"$(inherited)",
				);
				GCC_SYMBOLS_PRIVATE_EXTERN = NO;
				GCC_WARN_64_TO_32_BIT_CONVERSION = YES;
				GCC_WARN_ABOUT_RETURN_TYPE = YES_ERROR;
				GCC_WARN_UNDECLARED_SELECTOR = YES;
				GCC_WARN_UNINITIALIZED_AUTOS = YES_AGGRESSIVE;
				GCC_WARN_UNUSED_FUNCTION = YES;
				GCC_WARN_UNUSED_VARIABLE = YES;
				IPHONEOS_DEPLOYMENT_TARGET = 8.1;
				MTL_ENABLE_DEBUG_INFO = YES;
				ONLY_ACTIVE_ARCH = YES;
				SDKROOT = iphoneos;
				TARGETED_DEVICE_FAMILY = "1,2";
			};
			name = Debug;
		};
		D84C191E1A87FE44008816D4 /* Release */ = {
			isa = XCBuildConfiguration;
			buildSettings = {
				ALWAYS_SEARCH_USER_PATHS = NO;
				CLANG_CXX_LANGUAGE_STANDARD = "gnu++0x";
				CLANG_CXX_LIBRARY = "libc++";
				CLANG_ENABLE_MODULES = YES;
				CLANG_ENABLE_OBJC_ARC = YES;
				CLANG_WARN_BOOL_CONVERSION = YES;
				CLANG_WARN_CONSTANT_CONVERSION = YES;
				CLANG_WARN_DIRECT_OBJC_ISA_USAGE = YES_ERROR;
				CLANG_WARN_EMPTY_BODY = YES;
				CLANG_WARN_ENUM_CONVERSION = YES;
				CLANG_WARN_INT_CONVERSION = YES;
				CLANG_WARN_OBJC_ROOT_CLASS = YES_ERROR;
				CLANG_WARN_UNREACHABLE_CODE = YES;
				CLANG_WARN__DUPLICATE_METHOD_MATCH = YES;
				"CODE_SIGN_IDENTITY[sdk=iphoneos*]" = "iPhone Developer";
				COPY_PHASE_STRIP = YES;
				ENABLE_NS_ASSERTIONS = NO;
				ENABLE_STRICT_OBJC_MSGSEND = YES;
				GCC_C_LANGUAGE_STANDARD = gnu99;
				GCC_WARN_64_TO_32_BIT_CONVERSION = YES;
				GCC_WARN_ABOUT_RETURN_TYPE = YES_ERROR;
				GCC_WARN_UNDECLARED_SELECTOR = YES;
				GCC_WARN_UNINITIALIZED_AUTOS = YES_AGGRESSIVE;
				GCC_WARN_UNUSED_FUNCTION = YES;
				GCC_WARN_UNUSED_VARIABLE = YES;
				IPHONEOS_DEPLOYMENT_TARGET = 8.1;
				MTL_ENABLE_DEBUG_INFO = NO;
				SDKROOT = iphoneos;
				TARGETED_DEVICE_FAMILY = "1,2";
				VALIDATE_PRODUCT = YES;
			};
			name = Release;
		};
		D84C19201A87FE44008816D4 /* Debug */ = {
			isa = XCBuildConfiguration;
			buildSettings = {
				ASSETCATALOG_COMPILER_APPICON_NAME = AppIcon;
				INFOPLIST_FILE = Twobuntu/Info.plist;
				LD_RUNPATH_SEARCH_PATHS = "$(inherited) @executable_path/Frameworks";
				PRODUCT_NAME = "$(TARGET_NAME)";
			};
			name = Debug;
		};
		D84C19211A87FE44008816D4 /* Release */ = {
			isa = XCBuildConfiguration;
			buildSettings = {
				ASSETCATALOG_COMPILER_APPICON_NAME = AppIcon;
				INFOPLIST_FILE = Twobuntu/Info.plist;
				LD_RUNPATH_SEARCH_PATHS = "$(inherited) @executable_path/Frameworks";
				PRODUCT_NAME = "$(TARGET_NAME)";
			};
			name = Release;
		};
		D84C19231A87FE44008816D4 /* Debug */ = {
			isa = XCBuildConfiguration;
			buildSettings = {
				BUNDLE_LOADER = "$(TEST_HOST)";
				FRAMEWORK_SEARCH_PATHS = (
					"$(SDKROOT)/Developer/Library/Frameworks",
					"$(inherited)",
				);
				GCC_PREPROCESSOR_DEFINITIONS = (
					"DEBUG=1",
					"$(inherited)",
				);
				INFOPLIST_FILE = TwobuntuTests/Info.plist;
				LD_RUNPATH_SEARCH_PATHS = "$(inherited) @executable_path/Frameworks @loader_path/Frameworks";
				PRODUCT_NAME = "$(TARGET_NAME)";
				TEST_HOST = "$(BUILT_PRODUCTS_DIR)/Twobuntu.app/Twobuntu";
			};
			name = Debug;
		};
		D84C19241A87FE44008816D4 /* Release */ = {
			isa = XCBuildConfiguration;
			buildSettings = {
				BUNDLE_LOADER = "$(TEST_HOST)";
				FRAMEWORK_SEARCH_PATHS = (
					"$(SDKROOT)/Developer/Library/Frameworks",
					"$(inherited)",
				);
				INFOPLIST_FILE = TwobuntuTests/Info.plist;
				LD_RUNPATH_SEARCH_PATHS = "$(inherited) @executable_path/Frameworks @loader_path/Frameworks";
				PRODUCT_NAME = "$(TARGET_NAME)";
				TEST_HOST = "$(BUILT_PRODUCTS_DIR)/Twobuntu.app/Twobuntu";
			};
			name = Release;
		};
/* End XCBuildConfiguration section */

/* Begin XCConfigurationList section */
		D84C18F41A87FE44008816D4 /* Build configuration list for PBXProject "Twobuntu" */ = {
			isa = XCConfigurationList;
			buildConfigurations = (
				D84C191D1A87FE44008816D4 /* Debug */,
				D84C191E1A87FE44008816D4 /* Release */,
			);
			defaultConfigurationIsVisible = 0;
			defaultConfigurationName = Release;
		};
		D84C191F1A87FE44008816D4 /* Build configuration list for PBXNativeTarget "Twobuntu" */ = {
			isa = XCConfigurationList;
			buildConfigurations = (
				D84C19201A87FE44008816D4 /* Debug */,
				D84C19211A87FE44008816D4 /* Release */,
			);
			defaultConfigurationIsVisible = 0;
		};
		D84C19221A87FE44008816D4 /* Build configuration list for PBXNativeTarget "TwobuntuTests" */ = {
			isa = XCConfigurationList;
			buildConfigurations = (
				D84C19231A87FE44008816D4 /* Debug */,
				D84C19241A87FE44008816D4 /* Release */,
			);
			defaultConfigurationIsVisible = 0;
		};
/* End XCConfigurationList section */
	};
	rootObject = D84C18F11A87FE44008816D4 /* Project object */;
}
